
Microsoft Visual Studio Solution File, Format Version 12.00
# Visual Studio Version 17
VisualStudioVersion = 17.9.34622.214
MinimumVisualStudioVersion = 10.0.40219.1
Project("{FAE04EC0-301F-11D3-BF4B-00C04F79EFBC}") = "C# Calculator", "C# Calculator\C# Calculator.csproj", "{63A0A5A9-0747-403E-AEE6-25BAE0435B18}"
EndProject
Global
	GlobalSection(SolutionConfigurationPlatforms) = preSolution
		Debug|Any CPU = Debug|Any CPU
		Release|Any CPU = Release|Any CPU
	EndGlobalSection
	GlobalSection(ProjectConfigurationPlatforms) = postSolution
		{63A0A5A9-0747-403E-AEE6-25BAE0435B18}.Debug|Any CPU.ActiveCfg = Debug|Any CPU
		{63A0A5A9-0747-403E-AEE6-25BAE0435B18}.Debug|Any CPU.Build.0 = Debug|Any CPU
		{63A0A5A9-0747-403E-AEE6-25BAE0435B18}.Release|Any CPU.ActiveCfg = Release|Any CPU
		{63A0A5A9-0747-403E-AEE6-25BAE0435B18}.Release|Any CPU.Build.0 = Release|Any CPU
	EndGlobalSection
	GlobalSection(SolutionProperties) = preSolution
		HideSolutionNode = FALSE
	EndGlobalSection
	GlobalSection(ExtensibilityGlobals) = postSolution
		SolutionGuid = {7C551AE4-96C8-45E2-B841-72565511735D}
	EndGlobalSection
EndGlobal
